
Microsoft Visual Studio Solution File, Format Version 12.00
# Visual Studio Version 17
VisualStudioVersion = 17.6.33815.320
MinimumVisualStudioVersion = 10.0.40219.1
Project("{FAE04EC0-301F-11D3-BF4B-00C04F79EFBC}") = "shape_calculator_interface", "shape_calculator_interface\shape_calculator_interface.csproj", "{A8E90B1F-21DA-4CC1-A250-81535FF6ABD5}"
EndProject
Project("{FAE04EC0-301F-11D3-BF4B-00C04F79EFBC}") = "shape_calculator_abstr", "shape_calculator_abstr\shape_calculator_abstr.csproj", "{B7DF2DBC-2CC4-45FC-B5A6-AADC35AD4D15}"
EndProject
Global
	GlobalSection(SolutionConfigurationPlatforms) = preSolution
		Debug|Any CPU = Debug|Any CPU
		Release|Any CPU = Release|Any CPU
	EndGlobalSection
	GlobalSection(ProjectConfigurationPlatforms) = postSolution
		{A8E90B1F-21DA-4CC1-A250-81535FF6ABD5}.Debug|Any CPU.ActiveCfg = Debug|Any CPU
		{A8E90B1F-21DA-4CC1-A250-81535FF6ABD5}.Debug|Any CPU.Build.0 = Debug|Any CPU
		{A8E90B1F-21DA-4CC1-A250-81535FF6ABD5}.Release|Any CPU.ActiveCfg = Release|Any CPU
		{A8E90B1F-21DA-4CC1-A250-81535FF6ABD5}.Release|Any CPU.Build.0 = Release|Any CPU
		{B7DF2DBC-2CC4-45FC-B5A6-AADC35AD4D15}.Debug|Any CPU.ActiveCfg = Debug|Any CPU
		{B7DF2DBC-2CC4-45FC-B5A6-AADC35AD4D15}.Debug|Any CPU.Build.0 = Debug|Any CPU
		{B7DF2DBC-2CC4-45FC-B5A6-AADC35AD4D15}.Release|Any CPU.ActiveCfg = Release|Any CPU
		{B7DF2DBC-2CC4-45FC-B5A6-AADC35AD4D15}.Release|Any CPU.Build.0 = Release|Any CPU
	EndGlobalSection
	GlobalSection(SolutionProperties) = preSolution
		HideSolutionNode = FALSE
	EndGlobalSection
	GlobalSection(ExtensibilityGlobals) = postSolution
		SolutionGuid = {CB9C196B-8EB2-4DAA-A863-3F7C9D54F36B}
	EndGlobalSection
EndGlobal
